
Microsoft Visual Studio Solution File, Format Version 12.00
# Visual Studio Version 16
VisualStudioVersion = 16.0.30804.86
MinimumVisualStudioVersion = 10.0.40219.1
Project("{FAE04EC0-301F-11D3-BF4B-00C04F79EFBC}") = "LINQ", "LINQ\LINQ.csproj", "{B02FE7B6-B395-4719-A67D-F5EAB4D6B92B}"
EndProject
Global
	GlobalSection(SolutionConfigurationPlatforms) = preSolution
		Debug|Any CPU = Debug|Any CPU
		Release|Any CPU = Release|Any CPU
	EndGlobalSection
	GlobalSection(ProjectConfigurationPlatforms) = postSolution
		{B02FE7B6-B395-4719-A67D-F5EAB4D6B92B}.Debug|Any CPU.ActiveCfg = Debug|Any CPU
		{B02FE7B6-B395-4719-A67D-F5EAB4D6B92B}.Debug|Any CPU.Build.0 = Debug|Any CPU
		{B02FE7B6-B395-4719-A67D-F5EAB4D6B92B}.Release|Any CPU.ActiveCfg = Release|Any CPU
		{B02FE7B6-B395-4719-A67D-F5EAB4D6B92B}.Release|Any CPU.Build.0 = Release|Any CPU
	EndGlobalSection
	GlobalSection(SolutionProperties) = preSolution
		HideSolutionNode = FALSE
	EndGlobalSection
	GlobalSection(ExtensibilityGlobals) = postSolution
		SolutionGuid = {BDE9E6FA-6F49-4D5D-9C82-2B895197D6AE}
	EndGlobalSection
EndGlobal
