
Microsoft Visual Studio Solution File, Format Version 12.00
# Visual Studio Version 16
VisualStudioVersion = 16.0.30907.101
MinimumVisualStudioVersion = 10.0.40219.1
Project("{FAE04EC0-301F-11D3-BF4B-00C04F79EFBC}") = "View", "View\View.csproj", "{A833E28F-ABBA-48BF-BAAE-8A7129B32015}"
EndProject
Project("{9A19103F-16F7-4668-BE54-9A1E7A4F7556}") = "Model", "Model\Model.csproj", "{F8A4DED9-52B1-417B-AED6-D3C2626B9261}"
EndProject
Project("{9A19103F-16F7-4668-BE54-9A1E7A4F7556}") = "ViewModel", "ViewModel\ViewModel.csproj", "{7A5B3B35-FEEB-4284-B2B4-E6A70760E5C7}"
EndProject
Project("{FAE04EC0-301F-11D3-BF4B-00C04F79EFBC}") = "Data", "Data\Data.csproj", "{383AB404-C521-4E44-8028-62140BDAEC3B}"
EndProject
Project("{FAE04EC0-301F-11D3-BF4B-00C04F79EFBC}") = "Logic", "Logic\Logic.csproj", "{0AF1F90A-F23B-49AD-9A65-F138FD61DB54}"
EndProject
Project("{FAE04EC0-301F-11D3-BF4B-00C04F79EFBC}") = "LogicTests", "LogicTests\LogicTests.csproj", "{911BB236-4C37-477D-A17E-84E6C4A5DAE4}"
EndProject
Project("{FAE04EC0-301F-11D3-BF4B-00C04F79EFBC}") = "ModelTests", "ModelTests\ModelTests.csproj", "{61226FD5-3B37-43C1-95F8-A894051040EA}"
EndProject
Project("{FAE04EC0-301F-11D3-BF4B-00C04F79EFBC}") = "ViewModelTests", "ViewModelTests\ViewModelTests.csproj", "{68BF3264-91E7-4950-BCF6-3B9D63E542B1}"
EndProject
Global
	GlobalSection(SolutionConfigurationPlatforms) = preSolution
		Debug|Any CPU = Debug|Any CPU
		Release|Any CPU = Release|Any CPU
	EndGlobalSection
	GlobalSection(ProjectConfigurationPlatforms) = postSolution
		{A833E28F-ABBA-48BF-BAAE-8A7129B32015}.Debug|Any CPU.ActiveCfg = Debug|Any CPU
		{A833E28F-ABBA-48BF-BAAE-8A7129B32015}.Debug|Any CPU.Build.0 = Debug|Any CPU
		{A833E28F-ABBA-48BF-BAAE-8A7129B32015}.Release|Any CPU.ActiveCfg = Release|Any CPU
		{A833E28F-ABBA-48BF-BAAE-8A7129B32015}.Release|Any CPU.Build.0 = Release|Any CPU
		{F8A4DED9-52B1-417B-AED6-D3C2626B9261}.Debug|Any CPU.ActiveCfg = Debug|Any CPU
		{F8A4DED9-52B1-417B-AED6-D3C2626B9261}.Debug|Any CPU.Build.0 = Debug|Any CPU
		{F8A4DED9-52B1-417B-AED6-D3C2626B9261}.Release|Any CPU.ActiveCfg = Release|Any CPU
		{F8A4DED9-52B1-417B-AED6-D3C2626B9261}.Release|Any CPU.Build.0 = Release|Any CPU
		{7A5B3B35-FEEB-4284-B2B4-E6A70760E5C7}.Debug|Any CPU.ActiveCfg = Debug|Any CPU
		{7A5B3B35-FEEB-4284-B2B4-E6A70760E5C7}.Debug|Any CPU.Build.0 = Debug|Any CPU
		{7A5B3B35-FEEB-4284-B2B4-E6A70760E5C7}.Release|Any CPU.ActiveCfg = Release|Any CPU
		{7A5B3B35-FEEB-4284-B2B4-E6A70760E5C7}.Release|Any CPU.Build.0 = Release|Any CPU
		{383AB404-C521-4E44-8028-62140BDAEC3B}.Debug|Any CPU.ActiveCfg = Debug|Any CPU
		{383AB404-C521-4E44-8028-62140BDAEC3B}.Debug|Any CPU.Build.0 = Debug|Any CPU
		{383AB404-C521-4E44-8028-62140BDAEC3B}.Release|Any CPU.ActiveCfg = Release|Any CPU
		{383AB404-C521-4E44-8028-62140BDAEC3B}.Release|Any CPU.Build.0 = Release|Any CPU
		{0AF1F90A-F23B-49AD-9A65-F138FD61DB54}.Debug|Any CPU.ActiveCfg = Debug|Any CPU
		{0AF1F90A-F23B-49AD-9A65-F138FD61DB54}.Debug|Any CPU.Build.0 = Debug|Any CPU
		{0AF1F90A-F23B-49AD-9A65-F138FD61DB54}.Release|Any CPU.ActiveCfg = Release|Any CPU
		{0AF1F90A-F23B-49AD-9A65-F138FD61DB54}.Release|Any CPU.Build.0 = Release|Any CPU
		{911BB236-4C37-477D-A17E-84E6C4A5DAE4}.Debug|Any CPU.ActiveCfg = Debug|Any CPU
		{911BB236-4C37-477D-A17E-84E6C4A5DAE4}.Debug|Any CPU.Build.0 = Debug|Any CPU
		{911BB236-4C37-477D-A17E-84E6C4A5DAE4}.Release|Any CPU.ActiveCfg = Release|Any CPU
		{911BB236-4C37-477D-A17E-84E6C4A5DAE4}.Release|Any CPU.Build.0 = Release|Any CPU
		{61226FD5-3B37-43C1-95F8-A894051040EA}.Debug|Any CPU.ActiveCfg = Debug|Any CPU
		{61226FD5-3B37-43C1-95F8-A894051040EA}.Debug|Any CPU.Build.0 = Debug|Any CPU
		{61226FD5-3B37-43C1-95F8-A894051040EA}.Release|Any CPU.ActiveCfg = Release|Any CPU
		{61226FD5-3B37-43C1-95F8-A894051040EA}.Release|Any CPU.Build.0 = Release|Any CPU
		{68BF3264-91E7-4950-BCF6-3B9D63E542B1}.Debug|Any CPU.ActiveCfg = Debug|Any CPU
		{68BF3264-91E7-4950-BCF6-3B9D63E542B1}.Debug|Any CPU.Build.0 = Debug|Any CPU
		{68BF3264-91E7-4950-BCF6-3B9D63E542B1}.Release|Any CPU.ActiveCfg = Release|Any CPU
		{68BF3264-91E7-4950-BCF6-3B9D63E542B1}.Release|Any CPU.Build.0 = Release|Any CPU
	EndGlobalSection
	GlobalSection(SolutionProperties) = preSolution
		HideSolutionNode = FALSE
	EndGlobalSection
	GlobalSection(ExtensibilityGlobals) = postSolution
		SolutionGuid = {7596E1DE-AE39-4D93-A56E-65FA568A3A2F}
	EndGlobalSection
EndGlobal
