
Microsoft Visual Studio Solution File, Format Version 12.00
# Visual Studio Version 16
VisualStudioVersion = 16.0.30907.101
MinimumVisualStudioVersion = 10.0.40219.1
Project("{FAE04EC0-301F-11D3-BF4B-00C04F79EFBC}") = "ViewModel", "ViewModel\ViewModel.csproj", "{A3293456-D9F0-497E-AB48-A80E5A5CD5DC}"
EndProject
Project("{FAE04EC0-301F-11D3-BF4B-00C04F79EFBC}") = "Logic", "Logic\Logic.csproj", "{B7B06785-41CC-4092-A5FD-2628026CF9D0}"
EndProject
Project("{FAE04EC0-301F-11D3-BF4B-00C04F79EFBC}") = "Data", "Data\Data.csproj", "{3B59EA8C-AC74-4A88-A6EB-64735CBD0238}"
EndProject
Project("{FAE04EC0-301F-11D3-BF4B-00C04F79EFBC}") = "Model", "Model\Model.csproj", "{0F2292BA-5FC4-4174-8A49-B999168AF869}"
EndProject
Project("{FAE04EC0-301F-11D3-BF4B-00C04F79EFBC}") = "View", "View\View.csproj", "{A833E28F-ABBA-48BF-BAAE-8A7129B32015}"
EndProject
Global
	GlobalSection(SolutionConfigurationPlatforms) = preSolution
		Debug|Any CPU = Debug|Any CPU
		Release|Any CPU = Release|Any CPU
	EndGlobalSection
	GlobalSection(ProjectConfigurationPlatforms) = postSolution
		{A3293456-D9F0-497E-AB48-A80E5A5CD5DC}.Debug|Any CPU.ActiveCfg = Debug|Any CPU
		{A3293456-D9F0-497E-AB48-A80E5A5CD5DC}.Debug|Any CPU.Build.0 = Debug|Any CPU
		{A3293456-D9F0-497E-AB48-A80E5A5CD5DC}.Release|Any CPU.ActiveCfg = Release|Any CPU
		{A3293456-D9F0-497E-AB48-A80E5A5CD5DC}.Release|Any CPU.Build.0 = Release|Any CPU
		{B7B06785-41CC-4092-A5FD-2628026CF9D0}.Debug|Any CPU.ActiveCfg = Debug|Any CPU
		{B7B06785-41CC-4092-A5FD-2628026CF9D0}.Debug|Any CPU.Build.0 = Debug|Any CPU
		{B7B06785-41CC-4092-A5FD-2628026CF9D0}.Release|Any CPU.ActiveCfg = Release|Any CPU
		{B7B06785-41CC-4092-A5FD-2628026CF9D0}.Release|Any CPU.Build.0 = Release|Any CPU
		{3B59EA8C-AC74-4A88-A6EB-64735CBD0238}.Debug|Any CPU.ActiveCfg = Debug|Any CPU
		{3B59EA8C-AC74-4A88-A6EB-64735CBD0238}.Debug|Any CPU.Build.0 = Debug|Any CPU
		{3B59EA8C-AC74-4A88-A6EB-64735CBD0238}.Release|Any CPU.ActiveCfg = Release|Any CPU
		{3B59EA8C-AC74-4A88-A6EB-64735CBD0238}.Release|Any CPU.Build.0 = Release|Any CPU
		{0F2292BA-5FC4-4174-8A49-B999168AF869}.Debug|Any CPU.ActiveCfg = Debug|Any CPU
		{0F2292BA-5FC4-4174-8A49-B999168AF869}.Debug|Any CPU.Build.0 = Debug|Any CPU
		{0F2292BA-5FC4-4174-8A49-B999168AF869}.Release|Any CPU.ActiveCfg = Release|Any CPU
		{0F2292BA-5FC4-4174-8A49-B999168AF869}.Release|Any CPU.Build.0 = Release|Any CPU
		{A833E28F-ABBA-48BF-BAAE-8A7129B32015}.Debug|Any CPU.ActiveCfg = Debug|Any CPU
		{A833E28F-ABBA-48BF-BAAE-8A7129B32015}.Debug|Any CPU.Build.0 = Debug|Any CPU
		{A833E28F-ABBA-48BF-BAAE-8A7129B32015}.Release|Any CPU.ActiveCfg = Release|Any CPU
		{A833E28F-ABBA-48BF-BAAE-8A7129B32015}.Release|Any CPU.Build.0 = Release|Any CPU
	EndGlobalSection
	GlobalSection(SolutionProperties) = preSolution
		HideSolutionNode = FALSE
	EndGlobalSection
	GlobalSection(ExtensibilityGlobals) = postSolution
		SolutionGuid = {7596E1DE-AE39-4D93-A56E-65FA568A3A2F}
	EndGlobalSection
EndGlobal
